
Microsoft Visual Studio Solution File, Format Version 12.00
# Visual Studio Version 17
VisualStudioVersion = 17.12.35506.116 d17.12
MinimumVisualStudioVersion = 10.0.40219.1
Project("{FAE04EC0-301F-11D3-BF4B-00C04F79EFBC}") = "Ex017", "Ex017\Ex017.csproj", "{DA2E1D8B-B6AE-474E-9F13-0E64B1FB7EBB}"
EndProject
Global
	GlobalSection(SolutionConfigurationPlatforms) = preSolution
		Debug|Any CPU = Debug|Any CPU
		Release|Any CPU = Release|Any CPU
	EndGlobalSection
	GlobalSection(ProjectConfigurationPlatforms) = postSolution
		{DA2E1D8B-B6AE-474E-9F13-0E64B1FB7EBB}.Debug|Any CPU.ActiveCfg = Debug|Any CPU
		{DA2E1D8B-B6AE-474E-9F13-0E64B1FB7EBB}.Debug|Any CPU.Build.0 = Debug|Any CPU
		{DA2E1D8B-B6AE-474E-9F13-0E64B1FB7EBB}.Release|Any CPU.ActiveCfg = Release|Any CPU
		{DA2E1D8B-B6AE-474E-9F13-0E64B1FB7EBB}.Release|Any CPU.Build.0 = Release|Any CPU
	EndGlobalSection
	GlobalSection(SolutionProperties) = preSolution
		HideSolutionNode = FALSE
	EndGlobalSection
EndGlobal
